
Microsoft Visual Studio Solution File, Format Version 12.00
# Visual Studio Version 16
VisualStudioVersion = 16.0.32002.261
MinimumVisualStudioVersion = 10.0.40219.1
Project("{FAE04EC0-301F-11D3-BF4B-00C04F79EFBC}") = "Resta", "Resta\Resta.csproj", "{C35FC0D6-A870-47E2-9566-75166DCAA14E}"
EndProject
Global
	GlobalSection(SolutionConfigurationPlatforms) = preSolution
		Debug|Any CPU = Debug|Any CPU
		Release|Any CPU = Release|Any CPU
	EndGlobalSection
	GlobalSection(ProjectConfigurationPlatforms) = postSolution
		{C35FC0D6-A870-47E2-9566-75166DCAA14E}.Debug|Any CPU.ActiveCfg = Debug|Any CPU
		{C35FC0D6-A870-47E2-9566-75166DCAA14E}.Debug|Any CPU.Build.0 = Debug|Any CPU
		{C35FC0D6-A870-47E2-9566-75166DCAA14E}.Release|Any CPU.ActiveCfg = Release|Any CPU
		{C35FC0D6-A870-47E2-9566-75166DCAA14E}.Release|Any CPU.Build.0 = Release|Any CPU
	EndGlobalSection
	GlobalSection(SolutionProperties) = preSolution
		HideSolutionNode = FALSE
	EndGlobalSection
	GlobalSection(ExtensibilityGlobals) = postSolution
		SolutionGuid = {8CFC9E04-A23B-4EE3-8950-5DF58AEE2934}
	EndGlobalSection
EndGlobal
